// !$*UTF8*$!
{
	archiveVersion = 1;
	classes = {
	};
	objectVersion = 56;
	objects = {

/* Begin PBXBuildFile section */
		681855A629A21B0600CF94FA /* Raw.swift in Sources */ = {isa = PBXBuildFile; fileRef = 681855A529A21B0600CF94FA /* Raw.swift */; };
		681855A829A21C9A00CF94FA /* NodeRaw.swift in Sources */ = {isa = PBXBuildFile; fileRef = 681855A729A21C9A00CF94FA /* NodeRaw.swift */; };
		6821E156294F5E38008710FE /* Wave.swift in Sources */ = {isa = PBXBuildFile; fileRef = 6821E155294F5E38008710FE /* Wave.swift */; };
		6821E158294F5EE5008710FE /* NodeWave.swift in Sources */ = {isa = PBXBuildFile; fileRef = 6821E157294F5EE5008710FE /* NodeWave.swift */; };
		6821E15A294F7336008710FE /* GameOfLife.swift in Sources */ = {isa = PBXBuildFile; fileRef = 6821E159294F7336008710FE /* GameOfLife.swift */; };
		6821E15C294F7BDF008710FE /* NodeGameOfLife.swift in Sources */ = {isa = PBXBuildFile; fileRef = 6821E15B294F7BDF008710FE /* NodeGameOfLife.swift */; };
		6823083629A50E2B00CBF26E /* Filter.swift in Sources */ = {isa = PBXBuildFile; fileRef = 6823083529A50E2B00CBF26E /* Filter.swift */; };
		6823083829A50F4900CBF26E /* NodeFilter.swift in Sources */ = {isa = PBXBuildFile; fileRef = 6823083729A50F4900CBF26E /* NodeFilter.swift */; };
		684660062933951C00DC6F7F /* NodeTexel.swift in Sources */ = {isa = PBXBuildFile; fileRef = 684660052933951C00DC6F7F /* NodeTexel.swift */; };
		684660082933956A00DC6F7F /* NodeAnimation.swift in Sources */ = {isa = PBXBuildFile; fileRef = 684660072933956A00DC6F7F /* NodeAnimation.swift */; };
		6846600A2933ABD800DC6F7F /* scripts in Resources */ = {isa = PBXBuildFile; fileRef = 684660092933ABD800DC6F7F /* scripts */; };
		6846600D2933B3A600DC6F7F /* Movie.swift in Sources */ = {isa = PBXBuildFile; fileRef = 6846600C2933B3A600DC6F7F /* Movie.swift */; };
		6846600F2933B3EC00DC6F7F /* AssetReader.swift in Sources */ = {isa = PBXBuildFile; fileRef = 6846600E2933B3EC00DC6F7F /* AssetReader.swift */; };
		684660112933B42700DC6F7F /* AudiblePlayer.swift in Sources */ = {isa = PBXBuildFile; fileRef = 684660102933B42700DC6F7F /* AudiblePlayer.swift */; };
		684660132933B4AF00DC6F7F /* NodeMovie.swift in Sources */ = {isa = PBXBuildFile; fileRef = 684660122933B4AF00DC6F7F /* NodeMovie.swift */; };
		684660152933BAB900DC6F7F /* README.md in Resources */ = {isa = PBXBuildFile; fileRef = 684660142933BAB900DC6F7F /* README.md */; };
		684660172933DBCD00DC6F7F /* EngineExtensions.swift in Sources */ = {isa = PBXBuildFile; fileRef = 684660162933DBCD00DC6F7F /* EngineExtensions.swift */; };
		684660192934876A00DC6F7F /* Text.swift in Sources */ = {isa = PBXBuildFile; fileRef = 684660182934876A00DC6F7F /* Text.swift */; };
		6846601B293487E300DC6F7F /* NodeText.swift in Sources */ = {isa = PBXBuildFile; fileRef = 6846601A293487E300DC6F7F /* NodeText.swift */; };
		687714972938844C008F1CF2 /* Fragment.swift in Sources */ = {isa = PBXBuildFile; fileRef = 687714962938844C008F1CF2 /* Fragment.swift */; };
		68771499293886BC008F1CF2 /* NodeFragment.swift in Sources */ = {isa = PBXBuildFile; fileRef = 68771498293886BC008F1CF2 /* NodeFragment.swift */; };
		6877149B2938F0C2008F1CF2 /* Texture.swift in Sources */ = {isa = PBXBuildFile; fileRef = 6877149A2938F0C2008F1CF2 /* Texture.swift */; };
		6879C79D29BC28F400B7645D /* Map.swift in Sources */ = {isa = PBXBuildFile; fileRef = 6879C79C29BC28F400B7645D /* Map.swift */; };
		6879C79F29BC290200B7645D /* NodeMap.swift in Sources */ = {isa = PBXBuildFile; fileRef = 6879C79E29BC290200B7645D /* NodeMap.swift */; };
		689888F1293CADC4000C71D7 /* Ticker.swift in Sources */ = {isa = PBXBuildFile; fileRef = 689888F0293CADC4000C71D7 /* Ticker.swift */; };
		689888F3293CAF8C000C71D7 /* NodeTicker.swift in Sources */ = {isa = PBXBuildFile; fileRef = 689888F2293CAF8C000C71D7 /* NodeTicker.swift */; };
		689888F5293CE3D7000C71D7 /* VisionDetector.swift in Sources */ = {isa = PBXBuildFile; fileRef = 689888F4293CE3D7000C71D7 /* VisionDetector.swift */; };
		689888F7293CE58D000C71D7 /* NodeVisionDetector.swift in Sources */ = {isa = PBXBuildFile; fileRef = 689888F6293CE58D000C71D7 /* NodeVisionDetector.swift */; };
		68A9BDF529336ACC0036AA5C /* AppDelegate.swift in Sources */ = {isa = PBXBuildFile; fileRef = 68A9BDF429336ACC0036AA5C /* AppDelegate.swift */; };
		68A9BDFB29336ACC0036AA5C /* Shaders.metal in Sources */ = {isa = PBXBuildFile; fileRef = 68A9BDFA29336ACC0036AA5C /* Shaders.metal */; };
		68A9BDFE29336ACD0036AA5C /* Assets.xcassets in Resources */ = {isa = PBXBuildFile; fileRef = 68A9BDFD29336ACD0036AA5C /* Assets.xcassets */; };
		68A9BE0129336ACD0036AA5C /* Main.storyboard in Resources */ = {isa = PBXBuildFile; fileRef = 68A9BDFF29336ACD0036AA5C /* Main.storyboard */; };
		68A9BE0E29336F1F0036AA5C /* Window.swift in Sources */ = {isa = PBXBuildFile; fileRef = 68A9BE0D29336F1F0036AA5C /* Window.swift */; };
		68A9BE1129336F6D0036AA5C /* MetalViewController.swift in Sources */ = {isa = PBXBuildFile; fileRef = 68A9BE1029336F6D0036AA5C /* MetalViewController.swift */; };
		68A9BE1329336FD50036AA5C /* Engine.swift in Sources */ = {isa = PBXBuildFile; fileRef = 68A9BE1229336FD50036AA5C /* Engine.swift */; };
		68A9BE15293370070036AA5C /* Fehler.swift in Sources */ = {isa = PBXBuildFile; fileRef = 68A9BE14293370070036AA5C /* Fehler.swift */; };
		68A9BE17293370350036AA5C /* MetalView.swift in Sources */ = {isa = PBXBuildFile; fileRef = 68A9BE16293370350036AA5C /* MetalView.swift */; };
		68A9BE192933705D0036AA5C /* Renderer.swift in Sources */ = {isa = PBXBuildFile; fileRef = 68A9BE182933705D0036AA5C /* Renderer.swift */; };
		68A9BE1B293370AF0036AA5C /* Math.swift in Sources */ = {isa = PBXBuildFile; fileRef = 68A9BE1A293370AF0036AA5C /* Math.swift */; };
		68A9BE1D293370D40036AA5C /* DisplayLink.swift in Sources */ = {isa = PBXBuildFile; fileRef = 68A9BE1C293370D40036AA5C /* DisplayLink.swift */; };
		68A9BE1F293371580036AA5C /* Scene.swift in Sources */ = {isa = PBXBuildFile; fileRef = 68A9BE1E293371580036AA5C /* Scene.swift */; };
		68A9BE22293371C90036AA5C /* Layer.swift in Sources */ = {isa = PBXBuildFile; fileRef = 68A9BE21293371C90036AA5C /* Layer.swift */; };
		68A9BE24293371EE0036AA5C /* Content.swift in Sources */ = {isa = PBXBuildFile; fileRef = 68A9BE23293371EE0036AA5C /* Content.swift */; };
		68A9BE26293373BA0036AA5C /* Fitting.swift in Sources */ = {isa = PBXBuildFile; fileRef = 68A9BE25293373BA0036AA5C /* Fitting.swift */; };
		68A9BE28293373DC0036AA5C /* SimdExtensions.swift in Sources */ = {isa = PBXBuildFile; fileRef = 68A9BE27293373DC0036AA5C /* SimdExtensions.swift */; };
		68A9BE2A29338CF40036AA5C /* Image.swift in Sources */ = {isa = PBXBuildFile; fileRef = 68A9BE2929338CF40036AA5C /* Image.swift */; };
		68A9BE2C29338DFA0036AA5C /* Event.swift in Sources */ = {isa = PBXBuildFile; fileRef = 68A9BE2B29338DFA0036AA5C /* Event.swift */; };
		68A9BE30293392C60036AA5C /* node_interop.cpp in Sources */ = {isa = PBXBuildFile; fileRef = 68A9BE2E293392C60036AA5C /* node_interop.cpp */; };
		68A9BE322933932E0036AA5C /* Node.swift in Sources */ = {isa = PBXBuildFile; fileRef = 68A9BE312933932E0036AA5C /* Node.swift */; };
		68A9BE34293393900036AA5C /* NodeCall.swift in Sources */ = {isa = PBXBuildFile; fileRef = 68A9BE33293393900036AA5C /* NodeCall.swift */; };
		68A9BE36293393B90036AA5C /* NodeLayer.swift in Sources */ = {isa = PBXBuildFile; fileRef = 68A9BE35293393B90036AA5C /* NodeLayer.swift */; };
		68A9BE38293394180036AA5C /* NodeImage.swift in Sources */ = {isa = PBXBuildFile; fileRef = 68A9BE37293394180036AA5C /* NodeImage.swift */; };
		68A9BE3A293394520036AA5C /* Animation.swift in Sources */ = {isa = PBXBuildFile; fileRef = 68A9BE39293394520036AA5C /* Animation.swift */; };
		68A9BE3C293394710036AA5C /* Easing.swift in Sources */ = {isa = PBXBuildFile; fileRef = 68A9BE3B293394710036AA5C /* Easing.swift */; };
		68A9BE3E2933949F0036AA5C /* NodeContent.swift in Sources */ = {isa = PBXBuildFile; fileRef = 68A9BE3D2933949F0036AA5C /* NodeContent.swift */; };
		68FA47AA29E280C600FAC714 /* ffmpeg_interop.c in Sources */ = {isa = PBXBuildFile; fileRef = 68FA47A929E280C600FAC714 /* ffmpeg_interop.c */; };
		68FA47AC29E284E900FAC714 /* FF.swift in Sources */ = {isa = PBXBuildFile; fileRef = 68FA47AB29E284E900FAC714 /* FF.swift */; };
		68FA47AE29E2851B00FAC714 /* FFFrame.swift in Sources */ = {isa = PBXBuildFile; fileRef = 68FA47AD29E2851B00FAC714 /* FFFrame.swift */; };
		68FA47B029E2858000FAC714 /* FFConverter.swift in Sources */ = {isa = PBXBuildFile; fileRef = 68FA47AF29E2858000FAC714 /* FFConverter.swift */; };
		68FA47B229E2879500FAC714 /* NodeFF.swift in Sources */ = {isa = PBXBuildFile; fileRef = 68FA47B129E2879500FAC714 /* NodeFF.swift */; };
/* End PBXBuildFile section */

/* Begin PBXFileReference section */
		681855A529A21B0600CF94FA /* Raw.swift */ = {isa = PBXFileReference; lastKnownFileType = sourcecode.swift; path = Raw.swift; sourceTree = "<group>"; };
		681855A729A21C9A00CF94FA /* NodeRaw.swift */ = {isa = PBXFileReference; lastKnownFileType = sourcecode.swift; path = NodeRaw.swift; sourceTree = "<group>"; };
		6821E155294F5E38008710FE /* Wave.swift */ = {isa = PBXFileReference; lastKnownFileType = sourcecode.swift; path = Wave.swift; sourceTree = "<group>"; };
		6821E157294F5EE5008710FE /* NodeWave.swift */ = {isa = PBXFileReference; lastKnownFileType = sourcecode.swift; path = NodeWave.swift; sourceTree = "<group>"; };
		6821E159294F7336008710FE /* GameOfLife.swift */ = {isa = PBXFileReference; lastKnownFileType = sourcecode.swift; path = GameOfLife.swift; sourceTree = "<group>"; };
		6821E15B294F7BDF008710FE /* NodeGameOfLife.swift */ = {isa = PBXFileReference; lastKnownFileType = sourcecode.swift; path = NodeGameOfLife.swift; sourceTree = "<group>"; };
		6823083529A50E2B00CBF26E /* Filter.swift */ = {isa = PBXFileReference; lastKnownFileType = sourcecode.swift; path = Filter.swift; sourceTree = "<group>"; };
		6823083729A50F4900CBF26E /* NodeFilter.swift */ = {isa = PBXFileReference; lastKnownFileType = sourcecode.swift; path = NodeFilter.swift; sourceTree = "<group>"; };
		684660052933951C00DC6F7F /* NodeTexel.swift */ = {isa = PBXFileReference; lastKnownFileType = sourcecode.swift; path = NodeTexel.swift; sourceTree = "<group>"; };
		684660072933956A00DC6F7F /* NodeAnimation.swift */ = {isa = PBXFileReference; lastKnownFileType = sourcecode.swift; path = NodeAnimation.swift; sourceTree = "<group>"; };
		684660092933ABD800DC6F7F /* scripts */ = {isa = PBXFileReference; lastKnownFileType = folder; name = scripts; path = ../scripts; sourceTree = "<group>"; };
		6846600C2933B3A600DC6F7F /* Movie.swift */ = {isa = PBXFileReference; lastKnownFileType = sourcecode.swift; path = Movie.swift; sourceTree = "<group>"; };
		6846600E2933B3EC00DC6F7F /* AssetReader.swift */ = {isa = PBXFileReference; lastKnownFileType = sourcecode.swift; path = AssetReader.swift; sourceTree = "<group>"; };
		684660102933B42700DC6F7F /* AudiblePlayer.swift */ = {isa = PBXFileReference; lastKnownFileType = sourcecode.swift; path = AudiblePlayer.swift; sourceTree = "<group>"; };
		684660122933B4AF00DC6F7F /* NodeMovie.swift */ = {isa = PBXFileReference; lastKnownFileType = sourcecode.swift; path = NodeMovie.swift; sourceTree = "<group>"; };
		684660142933BAB900DC6F7F /* README.md */ = {isa = PBXFileReference; fileEncoding = 4; lastKnownFileType = net.daringfireball.markdown; name = README.md; path = ../README.md; sourceTree = "<group>"; };
		684660162933DBCD00DC6F7F /* EngineExtensions.swift */ = {isa = PBXFileReference; lastKnownFileType = sourcecode.swift; path = EngineExtensions.swift; sourceTree = "<group>"; };
		684660182934876A00DC6F7F /* Text.swift */ = {isa = PBXFileReference; lastKnownFileType = sourcecode.swift; path = Text.swift; sourceTree = "<group>"; };
		6846601A293487E300DC6F7F /* NodeText.swift */ = {isa = PBXFileReference; lastKnownFileType = sourcecode.swift; path = NodeText.swift; sourceTree = "<group>"; };
		687714962938844C008F1CF2 /* Fragment.swift */ = {isa = PBXFileReference; lastKnownFileType = sourcecode.swift; path = Fragment.swift; sourceTree = "<group>"; };
		68771498293886BC008F1CF2 /* NodeFragment.swift */ = {isa = PBXFileReference; lastKnownFileType = sourcecode.swift; path = NodeFragment.swift; sourceTree = "<group>"; };
		6877149A2938F0C2008F1CF2 /* Texture.swift */ = {isa = PBXFileReference; lastKnownFileType = sourcecode.swift; path = Texture.swift; sourceTree = "<group>"; };
		6879C79C29BC28F400B7645D /* Map.swift */ = {isa = PBXFileReference; lastKnownFileType = sourcecode.swift; path = Map.swift; sourceTree = "<group>"; };
		6879C79E29BC290200B7645D /* NodeMap.swift */ = {isa = PBXFileReference; lastKnownFileType = sourcecode.swift; path = NodeMap.swift; sourceTree = "<group>"; };
		689888F0293CADC4000C71D7 /* Ticker.swift */ = {isa = PBXFileReference; lastKnownFileType = sourcecode.swift; path = Ticker.swift; sourceTree = "<group>"; };
		689888F2293CAF8C000C71D7 /* NodeTicker.swift */ = {isa = PBXFileReference; lastKnownFileType = sourcecode.swift; path = NodeTicker.swift; sourceTree = "<group>"; };
		689888F4293CE3D7000C71D7 /* VisionDetector.swift */ = {isa = PBXFileReference; lastKnownFileType = sourcecode.swift; path = VisionDetector.swift; sourceTree = "<group>"; };
		689888F6293CE58D000C71D7 /* NodeVisionDetector.swift */ = {isa = PBXFileReference; lastKnownFileType = sourcecode.swift; path = NodeVisionDetector.swift; sourceTree = "<group>"; };
		68A9BDF129336ACC0036AA5C /* Texel.app */ = {isa = PBXFileReference; explicitFileType = wrapper.application; includeInIndex = 0; path = Texel.app; sourceTree = BUILT_PRODUCTS_DIR; };
		68A9BDF429336ACC0036AA5C /* AppDelegate.swift */ = {isa = PBXFileReference; lastKnownFileType = sourcecode.swift; path = AppDelegate.swift; sourceTree = "<group>"; };
		68A9BDFA29336ACC0036AA5C /* Shaders.metal */ = {isa = PBXFileReference; lastKnownFileType = sourcecode.metal; path = Shaders.metal; sourceTree = "<group>"; };
		68A9BDFC29336ACC0036AA5C /* ShaderTypes.h */ = {isa = PBXFileReference; lastKnownFileType = sourcecode.c.h; path = ShaderTypes.h; sourceTree = "<group>"; };
		68A9BDFD29336ACD0036AA5C /* Assets.xcassets */ = {isa = PBXFileReference; lastKnownFileType = folder.assetcatalog; path = Assets.xcassets; sourceTree = "<group>"; };
		68A9BE0029336ACD0036AA5C /* Base */ = {isa = PBXFileReference; lastKnownFileType = file.storyboard; name = Base; path = Base.lproj/Main.storyboard; sourceTree = "<group>"; };
		68A9BE0229336ACD0036AA5C /* Texel.entitlements */ = {isa = PBXFileReference; lastKnownFileType = text.plist.entitlements; path = Texel.entitlements; sourceTree = "<group>"; };
		68A9BE0A29336BAA0036AA5C /* Texel.xcconfig */ = {isa = PBXFileReference; lastKnownFileType = text.xcconfig; path = Texel.xcconfig; sourceTree = "<group>"; };
		68A9BE0B29336BEA0036AA5C /* Bridging-Header.h */ = {isa = PBXFileReference; lastKnownFileType = sourcecode.c.h; path = "Bridging-Header.h"; sourceTree = "<group>"; };
		68A9BE0D29336F1F0036AA5C /* Window.swift */ = {isa = PBXFileReference; lastKnownFileType = sourcecode.swift; path = Window.swift; sourceTree = "<group>"; };
		68A9BE1029336F6D0036AA5C /* MetalViewController.swift */ = {isa = PBXFileReference; lastKnownFileType = sourcecode.swift; path = MetalViewController.swift; sourceTree = "<group>"; };
		68A9BE1229336FD50036AA5C /* Engine.swift */ = {isa = PBXFileReference; lastKnownFileType = sourcecode.swift; path = Engine.swift; sourceTree = "<group>"; };
		68A9BE14293370070036AA5C /* Fehler.swift */ = {isa = PBXFileReference; lastKnownFileType = sourcecode.swift; path = Fehler.swift; sourceTree = "<group>"; };
		68A9BE16293370350036AA5C /* MetalView.swift */ = {isa = PBXFileReference; lastKnownFileType = sourcecode.swift; path = MetalView.swift; sourceTree = "<group>"; };
		68A9BE182933705D0036AA5C /* Renderer.swift */ = {isa = PBXFileReference; lastKnownFileType = sourcecode.swift; path = Renderer.swift; sourceTree = "<group>"; };
		68A9BE1A293370AF0036AA5C /* Math.swift */ = {isa = PBXFileReference; lastKnownFileType = sourcecode.swift; path = Math.swift; sourceTree = "<group>"; };
		68A9BE1C293370D40036AA5C /* DisplayLink.swift */ = {isa = PBXFileReference; lastKnownFileType = sourcecode.swift; path = DisplayLink.swift; sourceTree = "<group>"; };
		68A9BE1E293371580036AA5C /* Scene.swift */ = {isa = PBXFileReference; lastKnownFileType = sourcecode.swift; path = Scene.swift; sourceTree = "<group>"; };
		68A9BE21293371C90036AA5C /* Layer.swift */ = {isa = PBXFileReference; lastKnownFileType = sourcecode.swift; path = Layer.swift; sourceTree = "<group>"; };
		68A9BE23293371EE0036AA5C /* Content.swift */ = {isa = PBXFileReference; lastKnownFileType = sourcecode.swift; path = Content.swift; sourceTree = "<group>"; };
		68A9BE25293373BA0036AA5C /* Fitting.swift */ = {isa = PBXFileReference; lastKnownFileType = sourcecode.swift; path = Fitting.swift; sourceTree = "<group>"; };
		68A9BE27293373DC0036AA5C /* SimdExtensions.swift */ = {isa = PBXFileReference; lastKnownFileType = sourcecode.swift; path = SimdExtensions.swift; sourceTree = "<group>"; };
		68A9BE2929338CF40036AA5C /* Image.swift */ = {isa = PBXFileReference; lastKnownFileType = sourcecode.swift; path = Image.swift; sourceTree = "<group>"; };
		68A9BE2B29338DFA0036AA5C /* Event.swift */ = {isa = PBXFileReference; lastKnownFileType = sourcecode.swift; path = Event.swift; sourceTree = "<group>"; };
		68A9BE2E293392C60036AA5C /* node_interop.cpp */ = {isa = PBXFileReference; lastKnownFileType = sourcecode.cpp.cpp; path = node_interop.cpp; sourceTree = "<group>"; };
		68A9BE2F293392C60036AA5C /* node_interop.h */ = {isa = PBXFileReference; lastKnownFileType = sourcecode.c.h; path = node_interop.h; sourceTree = "<group>"; };
		68A9BE312933932E0036AA5C /* Node.swift */ = {isa = PBXFileReference; lastKnownFileType = sourcecode.swift; path = Node.swift; sourceTree = "<group>"; };
		68A9BE33293393900036AA5C /* NodeCall.swift */ = {isa = PBXFileReference; lastKnownFileType = sourcecode.swift; path = NodeCall.swift; sourceTree = "<group>"; };
		68A9BE35293393B90036AA5C /* NodeLayer.swift */ = {isa = PBXFileReference; lastKnownFileType = sourcecode.swift; path = NodeLayer.swift; sourceTree = "<group>"; };
		68A9BE37293394180036AA5C /* NodeImage.swift */ = {isa = PBXFileReference; lastKnownFileType = sourcecode.swift; path = NodeImage.swift; sourceTree = "<group>"; };
		68A9BE39293394520036AA5C /* Animation.swift */ = {isa = PBXFileReference; lastKnownFileType = sourcecode.swift; path = Animation.swift; sourceTree = "<group>"; };
		68A9BE3B293394710036AA5C /* Easing.swift */ = {isa = PBXFileReference; lastKnownFileType = sourcecode.swift; path = Easing.swift; sourceTree = "<group>"; };
		68A9BE3D2933949F0036AA5C /* NodeContent.swift */ = {isa = PBXFileReference; lastKnownFileType = sourcecode.swift; path = NodeContent.swift; sourceTree = "<group>"; };
		68FA47A829E280C600FAC714 /* ffmpeg_interop.h */ = {isa = PBXFileReference; lastKnownFileType = sourcecode.c.h; path = ffmpeg_interop.h; sourceTree = "<group>"; };
		68FA47A929E280C600FAC714 /* ffmpeg_interop.c */ = {isa = PBXFileReference; lastKnownFileType = sourcecode.c.c; path = ffmpeg_interop.c; sourceTree = "<group>"; };
		68FA47AB29E284E900FAC714 /* FF.swift */ = {isa = PBXFileReference; lastKnownFileType = sourcecode.swift; path = FF.swift; sourceTree = "<group>"; };
		68FA47AD29E2851B00FAC714 /* FFFrame.swift */ = {isa = PBXFileReference; lastKnownFileType = sourcecode.swift; path = FFFrame.swift; sourceTree = "<group>"; };
		68FA47AF29E2858000FAC714 /* FFConverter.swift */ = {isa = PBXFileReference; lastKnownFileType = sourcecode.swift; path = FFConverter.swift; sourceTree = "<group>"; };
		68FA47B129E2879500FAC714 /* NodeFF.swift */ = {isa = PBXFileReference; lastKnownFileType = sourcecode.swift; path = NodeFF.swift; sourceTree = "<group>"; };
/* End PBXFileReference section */

/* Begin PBXFrameworksBuildPhase section */
		68A9BDEE29336ACC0036AA5C /* Frameworks */ = {
			isa = PBXFrameworksBuildPhase;
			buildActionMask = 2147483647;
			files = (
			);
			runOnlyForDeploymentPostprocessing = 0;
		};
/* End PBXFrameworksBuildPhase section */

/* Begin PBXGroup section */
		68A9BDE829336ACC0036AA5C = {
			isa = PBXGroup;
			children = (
				684660142933BAB900DC6F7F /* README.md */,
				68A9BE0A29336BAA0036AA5C /* Texel.xcconfig */,
				684660092933ABD800DC6F7F /* scripts */,
				68A9BDF329336ACC0036AA5C /* Texel */,
				68A9BDF229336ACC0036AA5C /* Products */,
			);
			sourceTree = "<group>";
		};
		68A9BDF229336ACC0036AA5C /* Products */ = {
			isa = PBXGroup;
			children = (
				68A9BDF129336ACC0036AA5C /* Texel.app */,
			);
			name = Products;
			sourceTree = "<group>";
		};
		68A9BDF329336ACC0036AA5C /* Texel */ = {
			isa = PBXGroup;
			children = (
				68A9BE0229336ACD0036AA5C /* Texel.entitlements */,
				68A9BDFD29336ACD0036AA5C /* Assets.xcassets */,
				68A9BDFF29336ACD0036AA5C /* Main.storyboard */,
				68A9BE0C29336CA30036AA5C /* src */,
			);
			path = Texel;
			sourceTree = "<group>";
		};
		68A9BE0C29336CA30036AA5C /* src */ = {
			isa = PBXGroup;
			children = (
				68A9BE0B29336BEA0036AA5C /* Bridging-Header.h */,
				68A9BDFC29336ACC0036AA5C /* ShaderTypes.h */,
				68A9BDFA29336ACC0036AA5C /* Shaders.metal */,
				68A9BE39293394520036AA5C /* Animation.swift */,
				6846600E2933B3EC00DC6F7F /* AssetReader.swift */,
				684660102933B42700DC6F7F /* AudiblePlayer.swift */,
				68A9BE1C293370D40036AA5C /* DisplayLink.swift */,
				68A9BE3B293394710036AA5C /* Easing.swift */,
				68A9BE1229336FD50036AA5C /* Engine.swift */,
				684660162933DBCD00DC6F7F /* EngineExtensions.swift */,
				68A9BE2B29338DFA0036AA5C /* Event.swift */,
				68A9BE14293370070036AA5C /* Fehler.swift */,
				68A9BE25293373BA0036AA5C /* Fitting.swift */,
				68A9BE1A293370AF0036AA5C /* Math.swift */,
				68A9BE182933705D0036AA5C /* Renderer.swift */,
				68A9BE1E293371580036AA5C /* Scene.swift */,
				68A9BE27293373DC0036AA5C /* SimdExtensions.swift */,
				68A9BE0F29336F360036AA5C /* app */,
				68A9BE20293371BE0036AA5C /* content */,
				68FA47A729E2804A00FAC714 /* ffmpeg */,
				68A9BE2D293392A90036AA5C /* node */,
			);
			name = src;
			sourceTree = "<group>";
		};
		68A9BE0F29336F360036AA5C /* app */ = {
			isa = PBXGroup;
			children = (
				68A9BDF429336ACC0036AA5C /* AppDelegate.swift */,
				68A9BE16293370350036AA5C /* MetalView.swift */,
				68A9BE1029336F6D0036AA5C /* MetalViewController.swift */,
				68A9BE0D29336F1F0036AA5C /* Window.swift */,
			);
			name = app;
			sourceTree = "<group>";
		};
		68A9BE20293371BE0036AA5C /* content */ = {
			isa = PBXGroup;
			children = (
				68A9BE23293371EE0036AA5C /* Content.swift */,
				68FA47AB29E284E900FAC714 /* FF.swift */,
				6823083529A50E2B00CBF26E /* Filter.swift */,
				687714962938844C008F1CF2 /* Fragment.swift */,
				6821E159294F7336008710FE /* GameOfLife.swift */,
				68A9BE2929338CF40036AA5C /* Image.swift */,
				68A9BE21293371C90036AA5C /* Layer.swift */,
				6879C79C29BC28F400B7645D /* Map.swift */,
				6846600C2933B3A600DC6F7F /* Movie.swift */,
				681855A529A21B0600CF94FA /* Raw.swift */,
				684660182934876A00DC6F7F /* Text.swift */,
				6877149A2938F0C2008F1CF2 /* Texture.swift */,
				689888F0293CADC4000C71D7 /* Ticker.swift */,
				689888F4293CE3D7000C71D7 /* VisionDetector.swift */,
				6821E155294F5E38008710FE /* Wave.swift */,
			);
			name = content;
			sourceTree = "<group>";
		};
		68A9BE2D293392A90036AA5C /* node */ = {
			isa = PBXGroup;
			children = (
				68A9BE2E293392C60036AA5C /* node_interop.cpp */,
				68A9BE2F293392C60036AA5C /* node_interop.h */,
				68A9BE312933932E0036AA5C /* Node.swift */,
				684660072933956A00DC6F7F /* NodeAnimation.swift */,
				68A9BE33293393900036AA5C /* NodeCall.swift */,
				68A9BE3D2933949F0036AA5C /* NodeContent.swift */,
				68FA47B129E2879500FAC714 /* NodeFF.swift */,
				6823083729A50F4900CBF26E /* NodeFilter.swift */,
				68771498293886BC008F1CF2 /* NodeFragment.swift */,
				6821E15B294F7BDF008710FE /* NodeGameOfLife.swift */,
				68A9BE37293394180036AA5C /* NodeImage.swift */,
				68A9BE35293393B90036AA5C /* NodeLayer.swift */,
				6879C79E29BC290200B7645D /* NodeMap.swift */,
				684660122933B4AF00DC6F7F /* NodeMovie.swift */,
				681855A729A21C9A00CF94FA /* NodeRaw.swift */,
				684660052933951C00DC6F7F /* NodeTexel.swift */,
				6846601A293487E300DC6F7F /* NodeText.swift */,
				689888F2293CAF8C000C71D7 /* NodeTicker.swift */,
				689888F6293CE58D000C71D7 /* NodeVisionDetector.swift */,
				6821E157294F5EE5008710FE /* NodeWave.swift */,
			);
			name = node;
			sourceTree = "<group>";
		};
		68FA47A729E2804A00FAC714 /* ffmpeg */ = {
			isa = PBXGroup;
			children = (
				68FA47A929E280C600FAC714 /* ffmpeg_interop.c */,
				68FA47A829E280C600FAC714 /* ffmpeg_interop.h */,
				68FA47AF29E2858000FAC714 /* FFConverter.swift */,
				68FA47AD29E2851B00FAC714 /* FFFrame.swift */,
			);
			name = ffmpeg;
			sourceTree = "<group>";
		};
/* End PBXGroup section */

/* Begin PBXNativeTarget section */
		68A9BDF029336ACC0036AA5C /* Texel */ = {
			isa = PBXNativeTarget;
			buildConfigurationList = 68A9BE0529336ACD0036AA5C /* Build configuration list for PBXNativeTarget "Texel" */;
			buildPhases = (
				68A9BDED29336ACC0036AA5C /* Sources */,
				68A9BDEE29336ACC0036AA5C /* Frameworks */,
				68A9BDEF29336ACC0036AA5C /* Resources */,
			);
			buildRules = (
			);
			dependencies = (
			);
			name = Texel;
			productName = Texel;
			productReference = 68A9BDF129336ACC0036AA5C /* Texel.app */;
			productType = "com.apple.product-type.application";
		};
/* End PBXNativeTarget section */

/* Begin PBXProject section */
		68A9BDE929336ACC0036AA5C /* Project object */ = {
			isa = PBXProject;
			attributes = {
				BuildIndependentTargetsInParallel = 1;
				LastSwiftUpdateCheck = 1410;
				LastUpgradeCheck = 1410;
				TargetAttributes = {
					68A9BDF029336ACC0036AA5C = {
						CreatedOnToolsVersion = 14.1;
						LastSwiftMigration = 1410;
					};
				};
			};
			buildConfigurationList = 68A9BDEC29336ACC0036AA5C /* Build configuration list for PBXProject "Texel" */;
			compatibilityVersion = "Xcode 14.0";
			developmentRegion = en;
			hasScannedForEncodings = 0;
			knownRegions = (
				en,
				Base,
			);
			mainGroup = 68A9BDE829336ACC0036AA5C;
			productRefGroup = 68A9BDF229336ACC0036AA5C /* Products */;
			projectDirPath = "";
			projectRoot = "";
			targets = (
				68A9BDF029336ACC0036AA5C /* Texel */,
			);
		};
/* End PBXProject section */

/* Begin PBXResourcesBuildPhase section */
		68A9BDEF29336ACC0036AA5C /* Resources */ = {
			isa = PBXResourcesBuildPhase;
			buildActionMask = 2147483647;
			files = (
				6846600A2933ABD800DC6F7F /* scripts in Resources */,
				68A9BDFE29336ACD0036AA5C /* Assets.xcassets in Resources */,
				684660152933BAB900DC6F7F /* README.md in Resources */,
				68A9BE0129336ACD0036AA5C /* Main.storyboard in Resources */,
			);
			runOnlyForDeploymentPostprocessing = 0;
		};
/* End PBXResourcesBuildPhase section */

/* Begin PBXSourcesBuildPhase section */
		68A9BDED29336ACC0036AA5C /* Sources */ = {
			isa = PBXSourcesBuildPhase;
			buildActionMask = 2147483647;
			files = (
				681855A829A21C9A00CF94FA /* NodeRaw.swift in Sources */,
				684660082933956A00DC6F7F /* NodeAnimation.swift in Sources */,
				68A9BE36293393B90036AA5C /* NodeLayer.swift in Sources */,
				68FA47AE29E2851B00FAC714 /* FFFrame.swift in Sources */,
				689888F5293CE3D7000C71D7 /* VisionDetector.swift in Sources */,
				68A9BE1D293370D40036AA5C /* DisplayLink.swift in Sources */,
				68A9BE30293392C60036AA5C /* node_interop.cpp in Sources */,
				68A9BE26293373BA0036AA5C /* Fitting.swift in Sources */,
				681855A629A21B0600CF94FA /* Raw.swift in Sources */,
				6877149B2938F0C2008F1CF2 /* Texture.swift in Sources */,
				68A9BE3A293394520036AA5C /* Animation.swift in Sources */,
				68FA47AA29E280C600FAC714 /* ffmpeg_interop.c in Sources */,
				689888F3293CAF8C000C71D7 /* NodeTicker.swift in Sources */,
				689888F1293CADC4000C71D7 /* Ticker.swift in Sources */,
				68A9BE192933705D0036AA5C /* Renderer.swift in Sources */,
				6823083629A50E2B00CBF26E /* Filter.swift in Sources */,
				68771499293886BC008F1CF2 /* NodeFragment.swift in Sources */,
				68A9BDFB29336ACC0036AA5C /* Shaders.metal in Sources */,
				6846600F2933B3EC00DC6F7F /* AssetReader.swift in Sources */,
				68A9BE3E2933949F0036AA5C /* NodeContent.swift in Sources */,
				68A9BE22293371C90036AA5C /* Layer.swift in Sources */,
				68A9BE1B293370AF0036AA5C /* Math.swift in Sources */,
				68A9BE322933932E0036AA5C /* Node.swift in Sources */,
				68FA47B029E2858000FAC714 /* FFConverter.swift in Sources */,
				6821E156294F5E38008710FE /* Wave.swift in Sources */,
				68A9BE17293370350036AA5C /* MetalView.swift in Sources */,
				68A9BDF529336ACC0036AA5C /* AppDelegate.swift in Sources */,
				6846600D2933B3A600DC6F7F /* Movie.swift in Sources */,
				68A9BE2C29338DFA0036AA5C /* Event.swift in Sources */,
				68A9BE34293393900036AA5C /* NodeCall.swift in Sources */,
				68FA47AC29E284E900FAC714 /* FF.swift in Sources */,
				6879C79F29BC290200B7645D /* NodeMap.swift in Sources */,
				687714972938844C008F1CF2 /* Fragment.swift in Sources */,
				68A9BE3C293394710036AA5C /* Easing.swift in Sources */,
				68A9BE24293371EE0036AA5C /* Content.swift in Sources */,
				68A9BE2A29338CF40036AA5C /* Image.swift in Sources */,
				68A9BE28293373DC0036AA5C /* SimdExtensions.swift in Sources */,
				68A9BE1129336F6D0036AA5C /* MetalViewController.swift in Sources */,
				6823083829A50F4900CBF26E /* NodeFilter.swift in Sources */,
				684660172933DBCD00DC6F7F /* EngineExtensions.swift in Sources */,
				6821E158294F5EE5008710FE /* NodeWave.swift in Sources */,
				6821E15C294F7BDF008710FE /* NodeGameOfLife.swift in Sources */,
				6846601B293487E300DC6F7F /* NodeText.swift in Sources */,
				689888F7293CE58D000C71D7 /* NodeVisionDetector.swift in Sources */,
				6821E15A294F7336008710FE /* GameOfLife.swift in Sources */,
				684660112933B42700DC6F7F /* AudiblePlayer.swift in Sources */,
				684660062933951C00DC6F7F /* NodeTexel.swift in Sources */,
				68A9BE0E29336F1F0036AA5C /* Window.swift in Sources */,
				68A9BE1329336FD50036AA5C /* Engine.swift in Sources */,
				68FA47B229E2879500FAC714 /* NodeFF.swift in Sources */,
				684660132933B4AF00DC6F7F /* NodeMovie.swift in Sources */,
				68A9BE38293394180036AA5C /* NodeImage.swift in Sources */,
				68A9BE15293370070036AA5C /* Fehler.swift in Sources */,
				6879C79D29BC28F400B7645D /* Map.swift in Sources */,
				684660192934876A00DC6F7F /* Text.swift in Sources */,
				68A9BE1F293371580036AA5C /* Scene.swift in Sources */,
			);
			runOnlyForDeploymentPostprocessing = 0;
		};
/* End PBXSourcesBuildPhase section */

/* Begin PBXVariantGroup section */
		68A9BDFF29336ACD0036AA5C /* Main.storyboard */ = {
			isa = PBXVariantGroup;
			children = (
				68A9BE0029336ACD0036AA5C /* Base */,
			);
			name = Main.storyboard;
			sourceTree = "<group>";
		};
/* End PBXVariantGroup section */

/* Begin XCBuildConfiguration section */
		68A9BE0329336ACD0036AA5C /* Debug */ = {
			isa = XCBuildConfiguration;
			baseConfigurationReference = 68A9BE0A29336BAA0036AA5C /* Texel.xcconfig */;
			buildSettings = {
				ALWAYS_SEARCH_USER_PATHS = NO;
				CLANG_ANALYZER_NONNULL = YES;
				CLANG_ANALYZER_NUMBER_OBJECT_CONVERSION = YES_AGGRESSIVE;
				CLANG_CXX_LANGUAGE_STANDARD = "gnu++20";
				CLANG_ENABLE_MODULES = YES;
				CLANG_ENABLE_OBJC_ARC = YES;
				CLANG_ENABLE_OBJC_WEAK = YES;
				CLANG_WARN_BLOCK_CAPTURE_AUTORELEASING = YES;
				CLANG_WARN_BOOL_CONVERSION = YES;
				CLANG_WARN_COMMA = YES;
				CLANG_WARN_CONSTANT_CONVERSION = YES;
				CLANG_WARN_DEPRECATED_OBJC_IMPLEMENTATIONS = YES;
				CLANG_WARN_DIRECT_OBJC_ISA_USAGE = YES_ERROR;
				CLANG_WARN_DOCUMENTATION_COMMENTS = YES;
				CLANG_WARN_EMPTY_BODY = YES;
				CLANG_WARN_ENUM_CONVERSION = YES;
				CLANG_WARN_INFINITE_RECURSION = YES;
				CLANG_WARN_INT_CONVERSION = YES;
				CLANG_WARN_NON_LITERAL_NULL_CONVERSION = YES;
				CLANG_WARN_OBJC_IMPLICIT_RETAIN_SELF = YES;
				CLANG_WARN_OBJC_LITERAL_CONVERSION = YES;
				CLANG_WARN_OBJC_ROOT_CLASS = YES_ERROR;
				CLANG_WARN_QUOTED_INCLUDE_IN_FRAMEWORK_HEADER = YES;
				CLANG_WARN_RANGE_LOOP_ANALYSIS = YES;
				CLANG_WARN_STRICT_PROTOTYPES = YES;
				CLANG_WARN_SUSPICIOUS_MOVE = YES;
				CLANG_WARN_UNGUARDED_AVAILABILITY = YES_AGGRESSIVE;
				CLANG_WARN_UNREACHABLE_CODE = YES;
				CLANG_WARN__DUPLICATE_METHOD_MATCH = YES;
				COPY_PHASE_STRIP = NO;
				DEBUG_INFORMATION_FORMAT = dwarf;
				ENABLE_STRICT_OBJC_MSGSEND = YES;
				ENABLE_TESTABILITY = YES;
				GCC_C_LANGUAGE_STANDARD = gnu11;
				GCC_DYNAMIC_NO_PIC = NO;
				GCC_NO_COMMON_BLOCKS = YES;
				GCC_OPTIMIZATION_LEVEL = 0;
				GCC_PREPROCESSOR_DEFINITIONS = (
					"DEBUG=1",
					"$(inherited)",
				);
				GCC_WARN_64_TO_32_BIT_CONVERSION = YES;
				GCC_WARN_ABOUT_RETURN_TYPE = YES_ERROR;
				GCC_WARN_UNDECLARED_SELECTOR = YES;
				GCC_WARN_UNINITIALIZED_AUTOS = YES_AGGRESSIVE;
				GCC_WARN_UNUSED_FUNCTION = YES;
				GCC_WARN_UNUSED_VARIABLE = YES;
				MACOSX_DEPLOYMENT_TARGET = 12.6;
				MTL_ENABLE_DEBUG_INFO = INCLUDE_SOURCE;
				MTL_FAST_MATH = YES;
				ONLY_ACTIVE_ARCH = YES;
				SDKROOT = macosx;
				SWIFT_ACTIVE_COMPILATION_CONDITIONS = DEBUG;
				SWIFT_OPTIMIZATION_LEVEL = "-Onone";
			};
			name = Debug;
		};
		68A9BE0429336ACD0036AA5C /* Release */ = {
			isa = XCBuildConfiguration;
			baseConfigurationReference = 68A9BE0A29336BAA0036AA5C /* Texel.xcconfig */;
			buildSettings = {
				ALWAYS_SEARCH_USER_PATHS = NO;
				CLANG_ANALYZER_NONNULL = YES;
				CLANG_ANALYZER_NUMBER_OBJECT_CONVERSION = YES_AGGRESSIVE;
				CLANG_CXX_LANGUAGE_STANDARD = "gnu++20";
				CLANG_ENABLE_MODULES = YES;
				CLANG_ENABLE_OBJC_ARC = YES;
				CLANG_ENABLE_OBJC_WEAK = YES;
				CLANG_WARN_BLOCK_CAPTURE_AUTORELEASING = YES;
				CLANG_WARN_BOOL_CONVERSION = YES;
				CLANG_WARN_COMMA = YES;
				CLANG_WARN_CONSTANT_CONVERSION = YES;
				CLANG_WARN_DEPRECATED_OBJC_IMPLEMENTATIONS = YES;
				CLANG_WARN_DIRECT_OBJC_ISA_USAGE = YES_ERROR;
				CLANG_WARN_DOCUMENTATION_COMMENTS = YES;
				CLANG_WARN_EMPTY_BODY = YES;
				CLANG_WARN_ENUM_CONVERSION = YES;
				CLANG_WARN_INFINITE_RECURSION = YES;
				CLANG_WARN_INT_CONVERSION = YES;
				CLANG_WARN_NON_LITERAL_NULL_CONVERSION = YES;
				CLANG_WARN_OBJC_IMPLICIT_RETAIN_SELF = YES;
				CLANG_WARN_OBJC_LITERAL_CONVERSION = YES;
				CLANG_WARN_OBJC_ROOT_CLASS = YES_ERROR;
				CLANG_WARN_QUOTED_INCLUDE_IN_FRAMEWORK_HEADER = YES;
				CLANG_WARN_RANGE_LOOP_ANALYSIS = YES;
				CLANG_WARN_STRICT_PROTOTYPES = YES;
				CLANG_WARN_SUSPICIOUS_MOVE = YES;
				CLANG_WARN_UNGUARDED_AVAILABILITY = YES_AGGRESSIVE;
				CLANG_WARN_UNREACHABLE_CODE = YES;
				CLANG_WARN__DUPLICATE_METHOD_MATCH = YES;
				COPY_PHASE_STRIP = NO;
				DEBUG_INFORMATION_FORMAT = "dwarf-with-dsym";
				ENABLE_NS_ASSERTIONS = NO;
				ENABLE_STRICT_OBJC_MSGSEND = YES;
				GCC_C_LANGUAGE_STANDARD = gnu11;
				GCC_NO_COMMON_BLOCKS = YES;
				GCC_WARN_64_TO_32_BIT_CONVERSION = YES;
				GCC_WARN_ABOUT_RETURN_TYPE = YES_ERROR;
				GCC_WARN_UNDECLARED_SELECTOR = YES;
				GCC_WARN_UNINITIALIZED_AUTOS = YES_AGGRESSIVE;
				GCC_WARN_UNUSED_FUNCTION = YES;
				GCC_WARN_UNUSED_VARIABLE = YES;
				MACOSX_DEPLOYMENT_TARGET = 12.6;
				MTL_ENABLE_DEBUG_INFO = NO;
				MTL_FAST_MATH = YES;
				SDKROOT = macosx;
				SWIFT_COMPILATION_MODE = wholemodule;
				SWIFT_OPTIMIZATION_LEVEL = "-O";
			};
			name = Release;
		};
		68A9BE0629336ACD0036AA5C /* Debug */ = {
			isa = XCBuildConfiguration;
			buildSettings = {
				ASSETCATALOG_COMPILER_APPICON_NAME = AppIcon;
				ASSETCATALOG_COMPILER_GLOBAL_ACCENT_COLOR_NAME = AccentColor;
				CLANG_ENABLE_MODULES = YES;
				CODE_SIGN_ENTITLEMENTS = Texel/Texel.entitlements;
				CODE_SIGN_STYLE = Automatic;
				COMBINE_HIDPI_IMAGES = YES;
				CURRENT_PROJECT_VERSION = 1;
				GENERATE_INFOPLIST_FILE = YES;
				INFOPLIST_KEY_NSHumanReadableCopyright = "";
				INFOPLIST_KEY_NSMainStoryboardFile = Main;
				INFOPLIST_KEY_NSPrincipalClass = NSApplication;
				LD_RUNPATH_SEARCH_PATHS = (
					"$(inherited)",
					"@executable_path/../Frameworks",
				);
				MARKETING_VERSION = 1.0;
				PRODUCT_BUNDLE_IDENTIFIER = de.texel.Texel;
				PRODUCT_NAME = "$(TARGET_NAME)";
				SWIFT_EMIT_LOC_STRINGS = YES;
				SWIFT_OPTIMIZATION_LEVEL = "-Onone";
				SWIFT_VERSION = 5.0;
			};
			name = Debug;
		};
		68A9BE0729336ACD0036AA5C /* Release */ = {
			isa = XCBuildConfiguration;
			buildSettings = {
				ASSETCATALOG_COMPILER_APPICON_NAME = AppIcon;
				ASSETCATALOG_COMPILER_GLOBAL_ACCENT_COLOR_NAME = AccentColor;
				CLANG_ENABLE_MODULES = YES;
				CODE_SIGN_ENTITLEMENTS = Texel/Texel.entitlements;
				CODE_SIGN_STYLE = Automatic;
				COMBINE_HIDPI_IMAGES = YES;
				CURRENT_PROJECT_VERSION = 1;
				GENERATE_INFOPLIST_FILE = YES;
				INFOPLIST_KEY_NSHumanReadableCopyright = "";
				INFOPLIST_KEY_NSMainStoryboardFile = Main;
				INFOPLIST_KEY_NSPrincipalClass = NSApplication;
				LD_RUNPATH_SEARCH_PATHS = (
					"$(inherited)",
					"@executable_path/../Frameworks",
				);
				MARKETING_VERSION = 1.0;
				PRODUCT_BUNDLE_IDENTIFIER = de.texel.Texel;
				PRODUCT_NAME = "$(TARGET_NAME)";
				SWIFT_EMIT_LOC_STRINGS = YES;
				SWIFT_VERSION = 5.0;
			};
			name = Release;
		};
/* End XCBuildConfiguration section */

/* Begin XCConfigurationList section */
		68A9BDEC29336ACC0036AA5C /* Build configuration list for PBXProject "Texel" */ = {
			isa = XCConfigurationList;
			buildConfigurations = (
				68A9BE0329336ACD0036AA5C /* Debug */,
				68A9BE0429336ACD0036AA5C /* Release */,
			);
			defaultConfigurationIsVisible = 0;
			defaultConfigurationName = Release;
		};
		68A9BE0529336ACD0036AA5C /* Build configuration list for PBXNativeTarget "Texel" */ = {
			isa = XCConfigurationList;
			buildConfigurations = (
				68A9BE0629336ACD0036AA5C /* Debug */,
				68A9BE0729336ACD0036AA5C /* Release */,
			);
			defaultConfigurationIsVisible = 0;
			defaultConfigurationName = Release;
		};
/* End XCConfigurationList section */
	};
	rootObject = 68A9BDE929336ACC0036AA5C /* Project object */;
}
